
Microsoft Visual Studio Solution File, Format Version 12.00
# Visual Studio Version 16
VisualStudioVersion = 16.0.29613.14
MinimumVisualStudioVersion = 10.0.40219.1
Project("{FAE04EC0-301F-11D3-BF4B-00C04F79EFBC}") = "App19.Android", "App19\App19.Android\App19.Android.csproj", "{AACA728E-D162-4E68-8A4A-D7C8FF428AD6}"
EndProject
Project("{FAE04EC0-301F-11D3-BF4B-00C04F79EFBC}") = "App19", "App19\App19\App19.csproj", "{8FBEE602-6683-47F1-B07B-4435CA439F03}"
EndProject
Global
	GlobalSection(SolutionConfigurationPlatforms) = preSolution
		Debug|Any CPU = Debug|Any CPU
		Release|Any CPU = Release|Any CPU
	EndGlobalSection
	GlobalSection(ProjectConfigurationPlatforms) = postSolution
		{AACA728E-D162-4E68-8A4A-D7C8FF428AD6}.Debug|Any CPU.ActiveCfg = Debug|Any CPU
		{AACA728E-D162-4E68-8A4A-D7C8FF428AD6}.Debug|Any CPU.Build.0 = Debug|Any CPU
		{AACA728E-D162-4E68-8A4A-D7C8FF428AD6}.Debug|Any CPU.Deploy.0 = Debug|Any CPU
		{AACA728E-D162-4E68-8A4A-D7C8FF428AD6}.Release|Any CPU.ActiveCfg = Release|Any CPU
		{AACA728E-D162-4E68-8A4A-D7C8FF428AD6}.Release|Any CPU.Build.0 = Release|Any CPU
		{AACA728E-D162-4E68-8A4A-D7C8FF428AD6}.Release|Any CPU.Deploy.0 = Release|Any CPU
		{8FBEE602-6683-47F1-B07B-4435CA439F03}.Debug|Any CPU.ActiveCfg = Debug|Any CPU
		{8FBEE602-6683-47F1-B07B-4435CA439F03}.Debug|Any CPU.Build.0 = Debug|Any CPU
		{8FBEE602-6683-47F1-B07B-4435CA439F03}.Debug|Any CPU.Deploy.0 = Debug|Any CPU
		{8FBEE602-6683-47F1-B07B-4435CA439F03}.Release|Any CPU.ActiveCfg = Release|Any CPU
		{8FBEE602-6683-47F1-B07B-4435CA439F03}.Release|Any CPU.Build.0 = Release|Any CPU
		{8FBEE602-6683-47F1-B07B-4435CA439F03}.Release|Any CPU.Deploy.0 = Release|Any CPU
	EndGlobalSection
	GlobalSection(SolutionProperties) = preSolution
		HideSolutionNode = FALSE
	EndGlobalSection
	GlobalSection(ExtensibilityGlobals) = postSolution
		SolutionGuid = {D8899958-8DAA-4B4E-BE8B-4B737499FC4D}
	EndGlobalSection
EndGlobal
